
Microsoft Visual Studio Solution File, Format Version 12.00
# Visual Studio 14
VisualStudioVersion = 14.0.24720.0
MinimumVisualStudioVersion = 10.0.40219.1
Project("{FAE04EC0-301F-11D3-BF4B-00C04F79EFBC}") = "CroweHorwathAssess", "CroweHorwathAssess\CroweHorwathAssess.csproj", "{177F508A-3669-4A2D-943A-042915D0CFAF}"
EndProject
Project("{FAE04EC0-301F-11D3-BF4B-00C04F79EFBC}") = "CroweHorwathAssess.Tests", "CroweHorwathAssess.Tests\CroweHorwathAssess.Tests.csproj", "{FB2DC133-16FD-49CA-AA18-611514B6C477}"
EndProject
Global
	GlobalSection(SolutionConfigurationPlatforms) = preSolution
		Debug|Any CPU = Debug|Any CPU
		Release|Any CPU = Release|Any CPU
	EndGlobalSection
	GlobalSection(ProjectConfigurationPlatforms) = postSolution
		{177F508A-3669-4A2D-943A-042915D0CFAF}.Debug|Any CPU.ActiveCfg = Debug|Any CPU
		{177F508A-3669-4A2D-943A-042915D0CFAF}.Debug|Any CPU.Build.0 = Debug|Any CPU
		{177F508A-3669-4A2D-943A-042915D0CFAF}.Release|Any CPU.ActiveCfg = Release|Any CPU
		{177F508A-3669-4A2D-943A-042915D0CFAF}.Release|Any CPU.Build.0 = Release|Any CPU
		{FB2DC133-16FD-49CA-AA18-611514B6C477}.Debug|Any CPU.ActiveCfg = Debug|Any CPU
		{FB2DC133-16FD-49CA-AA18-611514B6C477}.Debug|Any CPU.Build.0 = Debug|Any CPU
		{FB2DC133-16FD-49CA-AA18-611514B6C477}.Release|Any CPU.ActiveCfg = Release|Any CPU
		{FB2DC133-16FD-49CA-AA18-611514B6C477}.Release|Any CPU.Build.0 = Release|Any CPU
	EndGlobalSection
	GlobalSection(SolutionProperties) = preSolution
		HideSolutionNode = FALSE
	EndGlobalSection
EndGlobal
